
Microsoft Visual Studio Solution File, Format Version 11.00
# Visual Studio 2010
Project("{FAE04EC0-301F-11D3-BF4B-00C04F79EFBC}") = "SalesTax", "SalesTax\SalesTax.csproj", "{FED25B7B-0E5F-44B0-BC4B-F7369EB54CE3}"
EndProject
Global
	GlobalSection(SolutionConfigurationPlatforms) = preSolution
		Debug|Any CPU = Debug|Any CPU
		Release|Any CPU = Release|Any CPU
	EndGlobalSection
	GlobalSection(ProjectConfigurationPlatforms) = postSolution
		{FED25B7B-0E5F-44B0-BC4B-F7369EB54CE3}.Debug|Any CPU.ActiveCfg = Debug|Any CPU
		{FED25B7B-0E5F-44B0-BC4B-F7369EB54CE3}.Debug|Any CPU.Build.0 = Debug|Any CPU
		{FED25B7B-0E5F-44B0-BC4B-F7369EB54CE3}.Release|Any CPU.ActiveCfg = Release|Any CPU
		{FED25B7B-0E5F-44B0-BC4B-F7369EB54CE3}.Release|Any CPU.Build.0 = Release|Any CPU
	EndGlobalSection
	GlobalSection(SolutionProperties) = preSolution
		HideSolutionNode = FALSE
	EndGlobalSection
EndGlobal
